// !$*UTF8*$!
{
	archiveVersion = 1;
	classes = {
	};
	objectVersion = 56;
	objects = {

/* Begin PBXBuildFile section */
		3C208EAC2C0F378000CED104 /* HomeViewController.swift in Sources */ = {isa = PBXBuildFile; fileRef = 3C208EAB2C0F378000CED104 /* HomeViewController.swift */; };
		3C208EAE2C0F63DF00CED104 /* CurrentLevelCell.swift in Sources */ = {isa = PBXBuildFile; fileRef = 3C208EAD2C0F63DF00CED104 /* CurrentLevelCell.swift */; };
		3C208EB02C10273F00CED104 /* DataManager.swift in Sources */ = {isa = PBXBuildFile; fileRef = 3C208EAF2C10273F00CED104 /* DataManager.swift */; };
		3C208EB22C106DD300CED104 /* HomeViewModel.swift in Sources */ = {isa = PBXBuildFile; fileRef = 3C208EB12C106DD300CED104 /* HomeViewModel.swift */; };
		3C41815F2C0DBF9800D141FD /* BookModel.swift in Sources */ = {isa = PBXBuildFile; fileRef = 3C41815E2C0DBF9800D141FD /* BookModel.swift */; };
		3C4181632C0DC1E000D141FD /* Network.swift in Sources */ = {isa = PBXBuildFile; fileRef = 3C4181622C0DC1E000D141FD /* Network.swift */; };
		3C4181652C0DC4A100D141FD /* BookManager.swift in Sources */ = {isa = PBXBuildFile; fileRef = 3C4181642C0DC4A100D141FD /* BookManager.swift */; };
		3C627A442C143B2000513292 /* CurrentLevelCollectionFlowLayout.swift in Sources */ = {isa = PBXBuildFile; fileRef = 3C627A432C143B2000513292 /* CurrentLevelCollectionFlowLayout.swift */; };
		3C73E2962C17D8B8004B1BF8 /* MetricUtil.swift in Sources */ = {isa = PBXBuildFile; fileRef = 3C73E2952C17D8B8004B1BF8 /* MetricUtil.swift */; };
		7BE488A92C0F267000BDB92A /* LibrarySearchViewController.swift in Sources */ = {isa = PBXBuildFile; fileRef = 7BE488A82C0F267000BDB92A /* LibrarySearchViewController.swift */; };
		7BE488AF2C103E5A00BDB92A /* LibraryCollectionViewCell.swift in Sources */ = {isa = PBXBuildFile; fileRef = 7BE488AE2C103E5A00BDB92A /* LibraryCollectionViewCell.swift */; };
		7BE488B32C16E29C00BDB92A /* ParagraphViewController.swift in Sources */ = {isa = PBXBuildFile; fileRef = 7BE488B22C16E29C00BDB92A /* ParagraphViewController.swift */; };
		7BE488B52C16E4CF00BDB92A /* ParagraphCollectionViewCell.swift in Sources */ = {isa = PBXBuildFile; fileRef = 7BE488B42C16E4CF00BDB92A /* ParagraphCollectionViewCell.swift */; };
		7BE488B72C171BC500BDB92A /* ParagraphCollectionViewLayout.swift in Sources */ = {isa = PBXBuildFile; fileRef = 7BE488B62C171BC400BDB92A /* ParagraphCollectionViewLayout.swift */; };
		85A821CB2C10B24300494313 /* WidgetKit.framework in Frameworks */ = {isa = PBXBuildFile; fileRef = 85A821CA2C10B24300494313 /* WidgetKit.framework */; };
		85A821CD2C10B24300494313 /* SwiftUI.framework in Frameworks */ = {isa = PBXBuildFile; fileRef = 85A821CC2C10B24300494313 /* SwiftUI.framework */; };
		85A821D02C10B24300494313 /* DokgiWidgetBundle.swift in Sources */ = {isa = PBXBuildFile; fileRef = 85A821CF2C10B24300494313 /* DokgiWidgetBundle.swift */; };
		85A821D22C10B24300494313 /* DokgiWidget.swift in Sources */ = {isa = PBXBuildFile; fileRef = 85A821D12C10B24300494313 /* DokgiWidget.swift */; };
		85A821D42C10B24500494313 /* Assets.xcassets in Resources */ = {isa = PBXBuildFile; fileRef = 85A821D32C10B24500494313 /* Assets.xcassets */; };
		85A821D82C10B24500494313 /* DokgiWidgetExtension.appex in Embed Foundation Extensions */ = {isa = PBXBuildFile; fileRef = 85A821C82C10B24300494313 /* DokgiWidgetExtension.appex */; settings = {ATTRIBUTES = (RemoveHeadersOnCopy, ); }; };
		A74874622C0D7E0600B830EE /* AppDelegate.swift in Sources */ = {isa = PBXBuildFile; fileRef = A74874612C0D7E0600B830EE /* AppDelegate.swift */; };
		A74874642C0D7E0600B830EE /* SceneDelegate.swift in Sources */ = {isa = PBXBuildFile; fileRef = A74874632C0D7E0600B830EE /* SceneDelegate.swift */; };
		A74874662C0D7E0700B830EE /* ViewController.swift in Sources */ = {isa = PBXBuildFile; fileRef = A74874652C0D7E0700B830EE /* ViewController.swift */; };
		A748746C2C0D7E0700B830EE /* Dokgi.xcdatamodeld in Sources */ = {isa = PBXBuildFile; fileRef = A748746A2C0D7E0700B830EE /* Dokgi.xcdatamodeld */; };
		A748746E2C0D7E0800B830EE /* Assets.xcassets in Resources */ = {isa = PBXBuildFile; fileRef = A748746D2C0D7E0800B830EE /* Assets.xcassets */; };
		A74874712C0D7E0800B830EE /* Base in Resources */ = {isa = PBXBuildFile; fileRef = A74874702C0D7E0800B830EE /* Base */; };
		A748747F2C0D7EBF00B830EE /* Model.swift in Sources */ = {isa = PBXBuildFile; fileRef = A748747E2C0D7EBF00B830EE /* Model.swift */; };
		A74874812C0D7EC800B830EE /* ViewModel.swift in Sources */ = {isa = PBXBuildFile; fileRef = A74874802C0D7EC800B830EE /* ViewModel.swift */; };
		A74874832C0D7ED100B830EE /* Extension.swift in Sources */ = {isa = PBXBuildFile; fileRef = A74874822C0D7ED100B830EE /* Extension.swift */; };
		A74874872C0D7F1700B830EE /* SnapKit in Frameworks */ = {isa = PBXBuildFile; productRef = A74874862C0D7F1700B830EE /* SnapKit */; };
		A748748C2C0D7F2100B830EE /* Then in Frameworks */ = {isa = PBXBuildFile; productRef = A748748B2C0D7F2100B830EE /* Then */; };
		A748748F2C0D7F3400B830EE /* RxCocoa in Frameworks */ = {isa = PBXBuildFile; productRef = A748748E2C0D7F3400B830EE /* RxCocoa */; };
		A74874912C0D7F3400B830EE /* RxRelay in Frameworks */ = {isa = PBXBuildFile; productRef = A74874902C0D7F3400B830EE /* RxRelay */; };
		A74874932C0D7F3400B830EE /* RxSwift in Frameworks */ = {isa = PBXBuildFile; productRef = A74874922C0D7F3400B830EE /* RxSwift */; };
		A75908B72C0EF4C000415D6D /* SettingViewController.swift in Sources */ = {isa = PBXBuildFile; fileRef = A75908B62C0EF4C000415D6D /* SettingViewController.swift */; };
		A75908B92C0F087900415D6D /* AlarmView.swift in Sources */ = {isa = PBXBuildFile; fileRef = A75908B82C0F087900415D6D /* AlarmView.swift */; };
		A75908BF2C0F6AD100415D6D /* Pretendard-Medium.otf in Resources */ = {isa = PBXBuildFile; fileRef = A75908BB2C0F6AD100415D6D /* Pretendard-Medium.otf */; };
		A75908C02C0F6AD100415D6D /* Pretendard-Bold.otf in Resources */ = {isa = PBXBuildFile; fileRef = A75908BC2C0F6AD100415D6D /* Pretendard-Bold.otf */; };
		A75908C12C0F6AD100415D6D /* Pretendard-Regular.otf in Resources */ = {isa = PBXBuildFile; fileRef = A75908BD2C0F6AD100415D6D /* Pretendard-Regular.otf */; };
		A75908C22C0F6AD100415D6D /* Pretendard-SemiBold.otf in Resources */ = {isa = PBXBuildFile; fileRef = A75908BE2C0F6AD100415D6D /* Pretendard-SemiBold.otf */; };
		A75908C42C0F6B9600415D6D /* Font.swift in Sources */ = {isa = PBXBuildFile; fileRef = A75908C32C0F6B9600415D6D /* Font.swift */; };
		A75908C62C0F756800415D6D /* TimePickerViewController.swift in Sources */ = {isa = PBXBuildFile; fileRef = A75908C52C0F756800415D6D /* TimePickerViewController.swift */; };
		A75908C82C0F758900415D6D /* DaySelectViewController.swift in Sources */ = {isa = PBXBuildFile; fileRef = A75908C72C0F758900415D6D /* DaySelectViewController.swift */; };
		A75908CB2C0FEDEF00415D6D /* DayTimeViewModel.swift in Sources */ = {isa = PBXBuildFile; fileRef = A75908CA2C0FEDEF00415D6D /* DayTimeViewModel.swift */; };
		A75908CF2C101A3900415D6D /* DayTableViewCell.swift in Sources */ = {isa = PBXBuildFile; fileRef = A75908CE2C101A3900415D6D /* DayTableViewCell.swift */; };
		A75908D12C12D36100415D6D /* UserDefaultsKey.swift in Sources */ = {isa = PBXBuildFile; fileRef = A75908D02C12D36100415D6D /* UserDefaultsKey.swift */; };
		A75908D32C12D69300415D6D /* IntArrayExtension.swift in Sources */ = {isa = PBXBuildFile; fileRef = A75908D22C12D69300415D6D /* IntArrayExtension.swift */; };
		A7F2DB172C1347C80020B0AA /* ParagrapViewController.swift in Sources */ = {isa = PBXBuildFile; fileRef = A7F2DB162C1347C80020B0AA /* ParagrapViewController.swift */; };
		A7F2DB192C134B200020B0AA /* ParagrapContainerView.swift in Sources */ = {isa = PBXBuildFile; fileRef = A7F2DB182C134B200020B0AA /* ParagrapContainerView.swift */; };
		A7F2DB1D2C15C6E70020B0AA /* KeywordCollectionViewCell.swift in Sources */ = {isa = PBXBuildFile; fileRef = A7F2DB1C2C15C6E70020B0AA /* KeywordCollectionViewCell.swift */; };
		A7F2DB212C16FF860020B0AA /* CoreDataManager.swift in Sources */ = {isa = PBXBuildFile; fileRef = A7F2DB202C16FF860020B0AA /* CoreDataManager.swift */; };
		A7F2DB602C17F98E0020B0AA /* CoreDataModel.swift in Sources */ = {isa = PBXBuildFile; fileRef = A7F2DB5F2C17F98E0020B0AA /* CoreDataModel.swift */; };
		AB23869D2C18849E00E6FACE /* AddVerseVC.swift in Sources */ = {isa = PBXBuildFile; fileRef = AB23869C2C18849E00E6FACE /* AddVerseVC.swift */; };
		AB355D552C180C9700B3DE16 /* BookCell.swift in Sources */ = {isa = PBXBuildFile; fileRef = AB355D542C180C9700B3DE16 /* BookCell.swift */; };
		AB355D582C180D8F00B3DE16 /* Kingfisher in Frameworks */ = {isa = PBXBuildFile; productRef = AB355D572C180D8F00B3DE16 /* Kingfisher */; };
		AB355D5B2C18725400B3DE16 /* KeywordCell.swift in Sources */ = {isa = PBXBuildFile; fileRef = AB355D5A2C18725400B3DE16 /* KeywordCell.swift */; };
		AB66D3442C0EEFE3000D72DA /* TabBarVC.swift in Sources */ = {isa = PBXBuildFile; fileRef = AB66D3432C0EEFE3000D72DA /* TabBarVC.swift */; };
		AB66D3692C17688C000D72DA /* BookSearchVC.swift in Sources */ = {isa = PBXBuildFile; fileRef = AB66D3682C17688C000D72DA /* BookSearchVC.swift */; };
/* End PBXBuildFile section */

/* Begin PBXContainerItemProxy section */
		85A821D62C10B24500494313 /* PBXContainerItemProxy */ = {
			isa = PBXContainerItemProxy;
			containerPortal = A74874562C0D7E0600B830EE /* Project object */;
			proxyType = 1;
			remoteGlobalIDString = 85A821C72C10B24300494313;
			remoteInfo = DokgiWidgetExtension;
		};
/* End PBXContainerItemProxy section */

/* Begin PBXCopyFilesBuildPhase section */
		85A821D92C10B24500494313 /* Embed Foundation Extensions */ = {
			isa = PBXCopyFilesBuildPhase;
			buildActionMask = 2147483647;
			dstPath = "";
			dstSubfolderSpec = 13;
			files = (
				85A821D82C10B24500494313 /* DokgiWidgetExtension.appex in Embed Foundation Extensions */,
			);
			name = "Embed Foundation Extensions";
			runOnlyForDeploymentPostprocessing = 0;
		};
/* End PBXCopyFilesBuildPhase section */

/* Begin PBXFileReference section */
		3C208EAB2C0F378000CED104 /* HomeViewController.swift */ = {isa = PBXFileReference; lastKnownFileType = sourcecode.swift; path = HomeViewController.swift; sourceTree = "<group>"; };
		3C208EAD2C0F63DF00CED104 /* CurrentLevelCell.swift */ = {isa = PBXFileReference; lastKnownFileType = sourcecode.swift; path = CurrentLevelCell.swift; sourceTree = "<group>"; };
		3C208EAF2C10273F00CED104 /* DataManager.swift */ = {isa = PBXFileReference; lastKnownFileType = sourcecode.swift; path = DataManager.swift; sourceTree = "<group>"; };
		3C208EB12C106DD300CED104 /* HomeViewModel.swift */ = {isa = PBXFileReference; lastKnownFileType = sourcecode.swift; path = HomeViewModel.swift; sourceTree = "<group>"; };
		3C41815E2C0DBF9800D141FD /* BookModel.swift */ = {isa = PBXFileReference; lastKnownFileType = sourcecode.swift; path = BookModel.swift; sourceTree = "<group>"; };
		3C4181622C0DC1E000D141FD /* Network.swift */ = {isa = PBXFileReference; lastKnownFileType = sourcecode.swift; path = Network.swift; sourceTree = "<group>"; };
		3C4181642C0DC4A100D141FD /* BookManager.swift */ = {isa = PBXFileReference; lastKnownFileType = sourcecode.swift; path = BookManager.swift; sourceTree = "<group>"; };
		3C627A432C143B2000513292 /* CurrentLevelCollectionFlowLayout.swift */ = {isa = PBXFileReference; lastKnownFileType = sourcecode.swift; path = CurrentLevelCollectionFlowLayout.swift; sourceTree = "<group>"; };
		3C73E2952C17D8B8004B1BF8 /* MetricUtil.swift */ = {isa = PBXFileReference; lastKnownFileType = sourcecode.swift; path = MetricUtil.swift; sourceTree = "<group>"; };
		7BE488A82C0F267000BDB92A /* LibrarySearchViewController.swift */ = {isa = PBXFileReference; lastKnownFileType = sourcecode.swift; path = LibrarySearchViewController.swift; sourceTree = "<group>"; };
		7BE488AE2C103E5A00BDB92A /* LibraryCollectionViewCell.swift */ = {isa = PBXFileReference; lastKnownFileType = sourcecode.swift; path = LibraryCollectionViewCell.swift; sourceTree = "<group>"; };
		7BE488B22C16E29C00BDB92A /* ParagraphViewController.swift */ = {isa = PBXFileReference; lastKnownFileType = sourcecode.swift; path = ParagraphViewController.swift; sourceTree = "<group>"; };
		7BE488B42C16E4CF00BDB92A /* ParagraphCollectionViewCell.swift */ = {isa = PBXFileReference; lastKnownFileType = sourcecode.swift; path = ParagraphCollectionViewCell.swift; sourceTree = "<group>"; };
		7BE488B62C171BC400BDB92A /* ParagraphCollectionViewLayout.swift */ = {isa = PBXFileReference; lastKnownFileType = sourcecode.swift; path = ParagraphCollectionViewLayout.swift; sourceTree = "<group>"; };
		85A821C82C10B24300494313 /* DokgiWidgetExtension.appex */ = {isa = PBXFileReference; explicitFileType = "wrapper.app-extension"; includeInIndex = 0; path = DokgiWidgetExtension.appex; sourceTree = BUILT_PRODUCTS_DIR; };
		85A821CA2C10B24300494313 /* WidgetKit.framework */ = {isa = PBXFileReference; lastKnownFileType = wrapper.framework; name = WidgetKit.framework; path = System/Library/Frameworks/WidgetKit.framework; sourceTree = SDKROOT; };
		85A821CC2C10B24300494313 /* SwiftUI.framework */ = {isa = PBXFileReference; lastKnownFileType = wrapper.framework; name = SwiftUI.framework; path = System/Library/Frameworks/SwiftUI.framework; sourceTree = SDKROOT; };
		85A821CF2C10B24300494313 /* DokgiWidgetBundle.swift */ = {isa = PBXFileReference; lastKnownFileType = sourcecode.swift; path = DokgiWidgetBundle.swift; sourceTree = "<group>"; };
		85A821D12C10B24300494313 /* DokgiWidget.swift */ = {isa = PBXFileReference; lastKnownFileType = sourcecode.swift; path = DokgiWidget.swift; sourceTree = "<group>"; };
		85A821D32C10B24500494313 /* Assets.xcassets */ = {isa = PBXFileReference; lastKnownFileType = folder.assetcatalog; path = Assets.xcassets; sourceTree = "<group>"; };
		85A821D52C10B24500494313 /* Info.plist */ = {isa = PBXFileReference; lastKnownFileType = text.plist.xml; path = Info.plist; sourceTree = "<group>"; };
		A748745E2C0D7E0600B830EE /* Dokgi.app */ = {isa = PBXFileReference; explicitFileType = wrapper.application; includeInIndex = 0; path = Dokgi.app; sourceTree = BUILT_PRODUCTS_DIR; };
		A74874612C0D7E0600B830EE /* AppDelegate.swift */ = {isa = PBXFileReference; lastKnownFileType = sourcecode.swift; path = AppDelegate.swift; sourceTree = "<group>"; };
		A74874632C0D7E0600B830EE /* SceneDelegate.swift */ = {isa = PBXFileReference; lastKnownFileType = sourcecode.swift; path = SceneDelegate.swift; sourceTree = "<group>"; };
		A74874652C0D7E0700B830EE /* ViewController.swift */ = {isa = PBXFileReference; lastKnownFileType = sourcecode.swift; path = ViewController.swift; sourceTree = "<group>"; };
		A748746B2C0D7E0700B830EE /* Dokgi.xcdatamodel */ = {isa = PBXFileReference; lastKnownFileType = wrapper.xcdatamodel; path = Dokgi.xcdatamodel; sourceTree = "<group>"; };
		A748746D2C0D7E0800B830EE /* Assets.xcassets */ = {isa = PBXFileReference; lastKnownFileType = folder.assetcatalog; path = Assets.xcassets; sourceTree = "<group>"; };
		A74874702C0D7E0800B830EE /* Base */ = {isa = PBXFileReference; lastKnownFileType = file.storyboard; name = Base; path = Base.lproj/LaunchScreen.storyboard; sourceTree = "<group>"; };
		A74874722C0D7E0800B830EE /* Info.plist */ = {isa = PBXFileReference; lastKnownFileType = text.plist.xml; path = Info.plist; sourceTree = "<group>"; };
		A748747E2C0D7EBF00B830EE /* Model.swift */ = {isa = PBXFileReference; lastKnownFileType = sourcecode.swift; path = Model.swift; sourceTree = "<group>"; };
		A74874802C0D7EC800B830EE /* ViewModel.swift */ = {isa = PBXFileReference; lastKnownFileType = sourcecode.swift; path = ViewModel.swift; sourceTree = "<group>"; };
		A74874822C0D7ED100B830EE /* Extension.swift */ = {isa = PBXFileReference; lastKnownFileType = sourcecode.swift; path = Extension.swift; sourceTree = "<group>"; };
		A75908B52C0EF44D00415D6D /* Config.xcconfig */ = {isa = PBXFileReference; lastKnownFileType = text.xcconfig; path = Config.xcconfig; sourceTree = "<group>"; };
		A75908B62C0EF4C000415D6D /* SettingViewController.swift */ = {isa = PBXFileReference; lastKnownFileType = sourcecode.swift; path = SettingViewController.swift; sourceTree = "<group>"; };
		A75908B82C0F087900415D6D /* AlarmView.swift */ = {isa = PBXFileReference; lastKnownFileType = sourcecode.swift; path = AlarmView.swift; sourceTree = "<group>"; };
		A75908BB2C0F6AD100415D6D /* Pretendard-Medium.otf */ = {isa = PBXFileReference; lastKnownFileType = file; path = "Pretendard-Medium.otf"; sourceTree = "<group>"; };
		A75908BC2C0F6AD100415D6D /* Pretendard-Bold.otf */ = {isa = PBXFileReference; lastKnownFileType = file; path = "Pretendard-Bold.otf"; sourceTree = "<group>"; };
		A75908BD2C0F6AD100415D6D /* Pretendard-Regular.otf */ = {isa = PBXFileReference; lastKnownFileType = file; path = "Pretendard-Regular.otf"; sourceTree = "<group>"; };
		A75908BE2C0F6AD100415D6D /* Pretendard-SemiBold.otf */ = {isa = PBXFileReference; lastKnownFileType = file; path = "Pretendard-SemiBold.otf"; sourceTree = "<group>"; };
		A75908C32C0F6B9600415D6D /* Font.swift */ = {isa = PBXFileReference; lastKnownFileType = sourcecode.swift; path = Font.swift; sourceTree = "<group>"; };
		A75908C52C0F756800415D6D /* TimePickerViewController.swift */ = {isa = PBXFileReference; lastKnownFileType = sourcecode.swift; path = TimePickerViewController.swift; sourceTree = "<group>"; };
		A75908C72C0F758900415D6D /* DaySelectViewController.swift */ = {isa = PBXFileReference; lastKnownFileType = sourcecode.swift; path = DaySelectViewController.swift; sourceTree = "<group>"; };
		A75908CA2C0FEDEF00415D6D /* DayTimeViewModel.swift */ = {isa = PBXFileReference; lastKnownFileType = sourcecode.swift; path = DayTimeViewModel.swift; sourceTree = "<group>"; };
		A75908CE2C101A3900415D6D /* DayTableViewCell.swift */ = {isa = PBXFileReference; lastKnownFileType = sourcecode.swift; path = DayTableViewCell.swift; sourceTree = "<group>"; };
		A75908D02C12D36100415D6D /* UserDefaultsKey.swift */ = {isa = PBXFileReference; lastKnownFileType = sourcecode.swift; path = UserDefaultsKey.swift; sourceTree = "<group>"; };
		A75908D22C12D69300415D6D /* IntArrayExtension.swift */ = {isa = PBXFileReference; lastKnownFileType = sourcecode.swift; path = IntArrayExtension.swift; sourceTree = "<group>"; };
		A7F2DB162C1347C80020B0AA /* ParagrapViewController.swift */ = {isa = PBXFileReference; lastKnownFileType = sourcecode.swift; path = ParagrapViewController.swift; sourceTree = "<group>"; };
		A7F2DB182C134B200020B0AA /* ParagrapContainerView.swift */ = {isa = PBXFileReference; lastKnownFileType = sourcecode.swift; path = ParagrapContainerView.swift; sourceTree = "<group>"; };
		A7F2DB1C2C15C6E70020B0AA /* KeywordCollectionViewCell.swift */ = {isa = PBXFileReference; lastKnownFileType = sourcecode.swift; path = KeywordCollectionViewCell.swift; sourceTree = "<group>"; };
		A7F2DB202C16FF860020B0AA /* CoreDataManager.swift */ = {isa = PBXFileReference; lastKnownFileType = sourcecode.swift; path = CoreDataManager.swift; sourceTree = "<group>"; };
		A7F2DB5F2C17F98E0020B0AA /* CoreDataModel.swift */ = {isa = PBXFileReference; lastKnownFileType = sourcecode.swift; path = CoreDataModel.swift; sourceTree = "<group>"; };
		AB23869C2C18849E00E6FACE /* AddVerseVC.swift */ = {isa = PBXFileReference; fileEncoding = 4; lastKnownFileType = sourcecode.swift; path = AddVerseVC.swift; sourceTree = "<group>"; };
		AB355D542C180C9700B3DE16 /* BookCell.swift */ = {isa = PBXFileReference; lastKnownFileType = sourcecode.swift; path = BookCell.swift; sourceTree = "<group>"; };
		AB355D5A2C18725400B3DE16 /* KeywordCell.swift */ = {isa = PBXFileReference; lastKnownFileType = sourcecode.swift; path = KeywordCell.swift; sourceTree = "<group>"; };
		AB66D3432C0EEFE3000D72DA /* TabBarVC.swift */ = {isa = PBXFileReference; lastKnownFileType = sourcecode.swift; path = TabBarVC.swift; sourceTree = "<group>"; };
		AB66D3682C17688C000D72DA /* BookSearchVC.swift */ = {isa = PBXFileReference; lastKnownFileType = sourcecode.swift; path = BookSearchVC.swift; sourceTree = "<group>"; };
/* End PBXFileReference section */

/* Begin PBXFrameworksBuildPhase section */
		85A821C52C10B24300494313 /* Frameworks */ = {
			isa = PBXFrameworksBuildPhase;
			buildActionMask = 2147483647;
			files = (
				85A821CD2C10B24300494313 /* SwiftUI.framework in Frameworks */,
				85A821CB2C10B24300494313 /* WidgetKit.framework in Frameworks */,
			);
			runOnlyForDeploymentPostprocessing = 0;
		};
		A748745B2C0D7E0600B830EE /* Frameworks */ = {
			isa = PBXFrameworksBuildPhase;
			buildActionMask = 2147483647;
			files = (
				AB355D582C180D8F00B3DE16 /* Kingfisher in Frameworks */,
				A74874932C0D7F3400B830EE /* RxSwift in Frameworks */,
				A74874912C0D7F3400B830EE /* RxRelay in Frameworks */,
				A74874872C0D7F1700B830EE /* SnapKit in Frameworks */,
				A748748C2C0D7F2100B830EE /* Then in Frameworks */,
				A748748F2C0D7F3400B830EE /* RxCocoa in Frameworks */,
			);
			runOnlyForDeploymentPostprocessing = 0;
		};
/* End PBXFrameworksBuildPhase section */

/* Begin PBXGroup section */
		3C4181612C0DC1A900D141FD /* Network */ = {
			isa = PBXGroup;
			children = (
				3C4181622C0DC1E000D141FD /* Network.swift */,
				3C4181642C0DC4A100D141FD /* BookManager.swift */,
			);
			path = Network;
			sourceTree = "<group>";
		};
		7BE488B02C16E21E00BDB92A /* LibraryView */ = {
			isa = PBXGroup;
			children = (
				7BE488A82C0F267000BDB92A /* LibrarySearchViewController.swift */,
				7BE488AE2C103E5A00BDB92A /* LibraryCollectionViewCell.swift */,
			);
			path = LibraryView;
			sourceTree = "<group>";
		};
		7BE488B12C16E24800BDB92A /* ParagraphView */ = {
			isa = PBXGroup;
			children = (
				7BE488B22C16E29C00BDB92A /* ParagraphViewController.swift */,
				7BE488B62C171BC400BDB92A /* ParagraphCollectionViewLayout.swift */,
				7BE488B42C16E4CF00BDB92A /* ParagraphCollectionViewCell.swift */,
			);
			path = ParagraphView;
			sourceTree = "<group>";
		};
		85A821C92C10B24300494313 /* Frameworks */ = {
			isa = PBXGroup;
			children = (
				85A821CA2C10B24300494313 /* WidgetKit.framework */,
				85A821CC2C10B24300494313 /* SwiftUI.framework */,
			);
			name = Frameworks;
			sourceTree = "<group>";
		};
		85A821CE2C10B24300494313 /* DokgiWidget */ = {
			isa = PBXGroup;
			children = (
				85A821CF2C10B24300494313 /* DokgiWidgetBundle.swift */,
				85A821D12C10B24300494313 /* DokgiWidget.swift */,
				85A821D32C10B24500494313 /* Assets.xcassets */,
				85A821D52C10B24500494313 /* Info.plist */,
			);
			path = DokgiWidget;
			sourceTree = "<group>";
		};
		A74874552C0D7E0600B830EE = {
			isa = PBXGroup;
			children = (
				A74874602C0D7E0600B830EE /* Dokgi */,
				85A821CE2C10B24300494313 /* DokgiWidget */,
				85A821C92C10B24300494313 /* Frameworks */,
				A748745F2C0D7E0600B830EE /* Products */,
			);
			sourceTree = "<group>";
		};
		A748745F2C0D7E0600B830EE /* Products */ = {
			isa = PBXGroup;
			children = (
				A748745E2C0D7E0600B830EE /* Dokgi.app */,
				85A821C82C10B24300494313 /* DokgiWidgetExtension.appex */,
			);
			name = Products;
			sourceTree = "<group>";
		};
		A74874602C0D7E0600B830EE /* Dokgi */ = {
			isa = PBXGroup;
			children = (
				A748747D2C0D7E1900B830EE /* Application */,
				3C4181612C0DC1A900D141FD /* Network */,
				A748747C2C0D7E1700B830EE /* Model */,
				A748747B2C0D7E1500B830EE /* ViewModel */,
				A748747A2C0D7E1300B830EE /* View */,
				A74874792C0D7E1100B830EE /* Extension */,
				A74874782C0D7E0E00B830EE /* Resource */,
				A748746F2C0D7E0800B830EE /* LaunchScreen.storyboard */,
				A74874722C0D7E0800B830EE /* Info.plist */,
				A748746A2C0D7E0700B830EE /* Dokgi.xcdatamodeld */,
				A75908B52C0EF44D00415D6D /* Config.xcconfig */,
				A75908C32C0F6B9600415D6D /* Font.swift */,
			);
			path = Dokgi;
			sourceTree = "<group>";
		};
		A74874782C0D7E0E00B830EE /* Resource */ = {
			isa = PBXGroup;
			children = (
				A75908BA2C0F6A8800415D6D /* Font */,
				A748746D2C0D7E0800B830EE /* Assets.xcassets */,
			);
			path = Resource;
			sourceTree = "<group>";
		};
		A74874792C0D7E1100B830EE /* Extension */ = {
			isa = PBXGroup;
			children = (
				A74874822C0D7ED100B830EE /* Extension.swift */,
				A75908D22C12D69300415D6D /* IntArrayExtension.swift */,
			);
			path = Extension;
			sourceTree = "<group>";
		};
		A748747A2C0D7E1300B830EE /* View */ = {
			isa = PBXGroup;
			children = (
				7BE488B02C16E21E00BDB92A /* LibraryView */,
				7BE488B12C16E24800BDB92A /* ParagraphView */,
				A7F2DB152C1347840020B0AA /*  ParagraphDetailView */,
				A75908C92C0F759D00415D6D /* SettingView */,
				AB355D592C1871E900B3DE16 /* AddVerse */,
				A74874652C0D7E0700B830EE /* ViewController.swift */,
				AB66D3432C0EEFE3000D72DA /* TabBarVC.swift */,
				3C208EAB2C0F378000CED104 /* HomeViewController.swift */,
				3C627A432C143B2000513292 /* CurrentLevelCollectionFlowLayout.swift */,
				3C208EAD2C0F63DF00CED104 /* CurrentLevelCell.swift */,
			);
			path = View;
			sourceTree = "<group>";
		};
		A748747B2C0D7E1500B830EE /* ViewModel */ = {
			isa = PBXGroup;
			children = (
				A74874802C0D7EC800B830EE /* ViewModel.swift */,
				3C208EB12C106DD300CED104 /* HomeViewModel.swift */,
				A75908CA2C0FEDEF00415D6D /* DayTimeViewModel.swift */,
				A7F2DB202C16FF860020B0AA /* CoreDataManager.swift */,
			);
			path = ViewModel;
			sourceTree = "<group>";
		};
		A748747C2C0D7E1700B830EE /* Model */ = {
			isa = PBXGroup;
			children = (
				A748747E2C0D7EBF00B830EE /* Model.swift */,
				3C41815E2C0DBF9800D141FD /* BookModel.swift */,
				3C208EAF2C10273F00CED104 /* DataManager.swift */,
				3C73E2952C17D8B8004B1BF8 /* MetricUtil.swift */,
				A75908D02C12D36100415D6D /* UserDefaultsKey.swift */,
				A7F2DB5F2C17F98E0020B0AA /* CoreDataModel.swift */,
			);
			path = Model;
			sourceTree = "<group>";
		};
		A748747D2C0D7E1900B830EE /* Application */ = {
			isa = PBXGroup;
			children = (
				A74874612C0D7E0600B830EE /* AppDelegate.swift */,
				A74874632C0D7E0600B830EE /* SceneDelegate.swift */,
			);
			path = Application;
			sourceTree = "<group>";
		};
		A75908BA2C0F6A8800415D6D /* Font */ = {
			isa = PBXGroup;
			children = (
				A75908BC2C0F6AD100415D6D /* Pretendard-Bold.otf */,
				A75908BB2C0F6AD100415D6D /* Pretendard-Medium.otf */,
				A75908BD2C0F6AD100415D6D /* Pretendard-Regular.otf */,
				A75908BE2C0F6AD100415D6D /* Pretendard-SemiBold.otf */,
			);
			path = Font;
			sourceTree = "<group>";
		};
		A75908C92C0F759D00415D6D /* SettingView */ = {
			isa = PBXGroup;
			children = (
				A75908B62C0EF4C000415D6D /* SettingViewController.swift */,
				A75908B82C0F087900415D6D /* AlarmView.swift */,
				A75908C52C0F756800415D6D /* TimePickerViewController.swift */,
				A75908C72C0F758900415D6D /* DaySelectViewController.swift */,
				A75908CE2C101A3900415D6D /* DayTableViewCell.swift */,
			);
			path = SettingView;
			sourceTree = "<group>";
		};
		A7F2DB152C1347840020B0AA /*  ParagraphDetailView */ = {
			isa = PBXGroup;
			children = (
				A7F2DB162C1347C80020B0AA /* ParagrapViewController.swift */,
				A7F2DB182C134B200020B0AA /* ParagrapContainerView.swift */,
				A7F2DB1C2C15C6E70020B0AA /* KeywordCollectionViewCell.swift */,
			);
			path = " ParagraphDetailView";
			sourceTree = "<group>";
		};
		AB355D592C1871E900B3DE16 /* AddVerse */ = {
			isa = PBXGroup;
			children = (
				AB66D3682C17688C000D72DA /* BookSearchVC.swift */,
				AB355D542C180C9700B3DE16 /* BookCell.swift */,
				AB355D5A2C18725400B3DE16 /* KeywordCell.swift */,
				AB23869C2C18849E00E6FACE /* AddVerseVC.swift */,
			);
			path = AddVerse;
			sourceTree = "<group>";
		};
/* End PBXGroup section */

/* Begin PBXNativeTarget section */
		85A821C72C10B24300494313 /* DokgiWidgetExtension */ = {
			isa = PBXNativeTarget;
			buildConfigurationList = 85A821DC2C10B24500494313 /* Build configuration list for PBXNativeTarget "DokgiWidgetExtension" */;
			buildPhases = (
				85A821C42C10B24300494313 /* Sources */,
				85A821C52C10B24300494313 /* Frameworks */,
				85A821C62C10B24300494313 /* Resources */,
			);
			buildRules = (
			);
			dependencies = (
			);
			name = DokgiWidgetExtension;
			productName = DokgiWidgetExtension;
			productReference = 85A821C82C10B24300494313 /* DokgiWidgetExtension.appex */;
			productType = "com.apple.product-type.app-extension";
		};
		A748745D2C0D7E0600B830EE /* Dokgi */ = {
			isa = PBXNativeTarget;
			buildConfigurationList = A74874752C0D7E0800B830EE /* Build configuration list for PBXNativeTarget "Dokgi" */;
			buildPhases = (
				A748745A2C0D7E0600B830EE /* Sources */,
				A748745B2C0D7E0600B830EE /* Frameworks */,
				A748745C2C0D7E0600B830EE /* Resources */,
				85A821D92C10B24500494313 /* Embed Foundation Extensions */,
			);
			buildRules = (
			);
			dependencies = (
				85A821D72C10B24500494313 /* PBXTargetDependency */,
			);
			name = Dokgi;
			packageProductDependencies = (
				A74874862C0D7F1700B830EE /* SnapKit */,
				A748748B2C0D7F2100B830EE /* Then */,
				A748748E2C0D7F3400B830EE /* RxCocoa */,
				A74874902C0D7F3400B830EE /* RxRelay */,
				A74874922C0D7F3400B830EE /* RxSwift */,
				AB355D572C180D8F00B3DE16 /* Kingfisher */,
			);
			productName = Dokgi;
			productReference = A748745E2C0D7E0600B830EE /* Dokgi.app */;
			productType = "com.apple.product-type.application";
		};
/* End PBXNativeTarget section */

/* Begin PBXProject section */
		A74874562C0D7E0600B830EE /* Project object */ = {
			isa = PBXProject;
			attributes = {
				BuildIndependentTargetsInParallel = 1;
				LastSwiftUpdateCheck = 1530;
				LastUpgradeCheck = 1540;
				TargetAttributes = {
					85A821C72C10B24300494313 = {
						CreatedOnToolsVersion = 15.3;
					};
					A748745D2C0D7E0600B830EE = {
						CreatedOnToolsVersion = 15.4;
					};
				};
			};
			buildConfigurationList = A74874592C0D7E0600B830EE /* Build configuration list for PBXProject "Dokgi" */;
			compatibilityVersion = "Xcode 14.0";
			developmentRegion = en;
			hasScannedForEncodings = 0;
			knownRegions = (
				en,
				Base,
			);
			mainGroup = A74874552C0D7E0600B830EE;
			packageReferences = (
				A74874852C0D7F1700B830EE /* XCRemoteSwiftPackageReference "SnapKit" */,
				A748748A2C0D7F2100B830EE /* XCRemoteSwiftPackageReference "Then" */,
				A748748D2C0D7F3400B830EE /* XCRemoteSwiftPackageReference "RxSwift" */,
				AB355D562C180D8F00B3DE16 /* XCRemoteSwiftPackageReference "Kingfisher" */,
			);
			productRefGroup = A748745F2C0D7E0600B830EE /* Products */;
			projectDirPath = "";
			projectRoot = "";
			targets = (
				A748745D2C0D7E0600B830EE /* Dokgi */,
				85A821C72C10B24300494313 /* DokgiWidgetExtension */,
			);
		};
/* End PBXProject section */

/* Begin PBXResourcesBuildPhase section */
		85A821C62C10B24300494313 /* Resources */ = {
			isa = PBXResourcesBuildPhase;
			buildActionMask = 2147483647;
			files = (
				85A821D42C10B24500494313 /* Assets.xcassets in Resources */,
			);
			runOnlyForDeploymentPostprocessing = 0;
		};
		A748745C2C0D7E0600B830EE /* Resources */ = {
			isa = PBXResourcesBuildPhase;
			buildActionMask = 2147483647;
			files = (
				A748746E2C0D7E0800B830EE /* Assets.xcassets in Resources */,
				A75908C02C0F6AD100415D6D /* Pretendard-Bold.otf in Resources */,
				A75908C12C0F6AD100415D6D /* Pretendard-Regular.otf in Resources */,
				A75908C22C0F6AD100415D6D /* Pretendard-SemiBold.otf in Resources */,
				A74874712C0D7E0800B830EE /* Base in Resources */,
				A75908BF2C0F6AD100415D6D /* Pretendard-Medium.otf in Resources */,
			);
			runOnlyForDeploymentPostprocessing = 0;
		};
/* End PBXResourcesBuildPhase section */

/* Begin PBXSourcesBuildPhase section */
		85A821C42C10B24300494313 /* Sources */ = {
			isa = PBXSourcesBuildPhase;
			buildActionMask = 2147483647;
			files = (
				85A821D22C10B24300494313 /* DokgiWidget.swift in Sources */,
				85A821D02C10B24300494313 /* DokgiWidgetBundle.swift in Sources */,
			);
			runOnlyForDeploymentPostprocessing = 0;
		};
		A748745A2C0D7E0600B830EE /* Sources */ = {
			isa = PBXSourcesBuildPhase;
			buildActionMask = 2147483647;
			files = (
				A748747F2C0D7EBF00B830EE /* Model.swift in Sources */,
				A75908B72C0EF4C000415D6D /* SettingViewController.swift in Sources */,
				A75908C42C0F6B9600415D6D /* Font.swift in Sources */,
				A75908D12C12D36100415D6D /* UserDefaultsKey.swift in Sources */,
				A748746C2C0D7E0700B830EE /* Dokgi.xcdatamodeld in Sources */,
				AB355D5B2C18725400B3DE16 /* KeywordCell.swift in Sources */,
				A7F2DB602C17F98E0020B0AA /* CoreDataModel.swift in Sources */,
				A7F2DB1D2C15C6E70020B0AA /* KeywordCollectionViewCell.swift in Sources */,
				A74874662C0D7E0700B830EE /* ViewController.swift in Sources */,
				3C208EB02C10273F00CED104 /* DataManager.swift in Sources */,
				A75908C82C0F758900415D6D /* DaySelectViewController.swift in Sources */,
				A75908D32C12D69300415D6D /* IntArrayExtension.swift in Sources */,
				A74874622C0D7E0600B830EE /* AppDelegate.swift in Sources */,
				A74874812C0D7EC800B830EE /* ViewModel.swift in Sources */,
				A7F2DB192C134B200020B0AA /* ParagrapContainerView.swift in Sources */,
				7BE488B72C171BC500BDB92A /* ParagraphCollectionViewLayout.swift in Sources */,
				3C4181632C0DC1E000D141FD /* Network.swift in Sources */,
				A75908CB2C0FEDEF00415D6D /* DayTimeViewModel.swift in Sources */,
				AB23869D2C18849E00E6FACE /* AddVerseVC.swift in Sources */,
				AB66D3692C17688C000D72DA /* BookSearchVC.swift in Sources */,
				AB355D552C180C9700B3DE16 /* BookCell.swift in Sources */,
				A74874832C0D7ED100B830EE /* Extension.swift in Sources */,
				7BE488AF2C103E5A00BDB92A /* LibraryCollectionViewCell.swift in Sources */,
				3C41815F2C0DBF9800D141FD /* BookModel.swift in Sources */,
				AB66D3442C0EEFE3000D72DA /* TabBarVC.swift in Sources */,
				7BE488B52C16E4CF00BDB92A /* ParagraphCollectionViewCell.swift in Sources */,
				7BE488B32C16E29C00BDB92A /* ParagraphViewController.swift in Sources */,
				3C4181652C0DC4A100D141FD /* BookManager.swift in Sources */,
				3C73E2962C17D8B8004B1BF8 /* MetricUtil.swift in Sources */,
				3C208EAE2C0F63DF00CED104 /* CurrentLevelCell.swift in Sources */,
				7BE488A92C0F267000BDB92A /* LibrarySearchViewController.swift in Sources */,
				A75908CF2C101A3900415D6D /* DayTableViewCell.swift in Sources */,
				A7F2DB172C1347C80020B0AA /* ParagrapViewController.swift in Sources */,
				A75908B92C0F087900415D6D /* AlarmView.swift in Sources */,
				A75908C62C0F756800415D6D /* TimePickerViewController.swift in Sources */,
				A7F2DB212C16FF860020B0AA /* CoreDataManager.swift in Sources */,
				A74874642C0D7E0600B830EE /* SceneDelegate.swift in Sources */,
				3C208EB22C106DD300CED104 /* HomeViewModel.swift in Sources */,
				3C627A442C143B2000513292 /* CurrentLevelCollectionFlowLayout.swift in Sources */,
				3C208EAC2C0F378000CED104 /* HomeViewController.swift in Sources */,
			);
			runOnlyForDeploymentPostprocessing = 0;
		};
/* End PBXSourcesBuildPhase section */

/* Begin PBXTargetDependency section */
		85A821D72C10B24500494313 /* PBXTargetDependency */ = {
			isa = PBXTargetDependency;
			target = 85A821C72C10B24300494313 /* DokgiWidgetExtension */;
			targetProxy = 85A821D62C10B24500494313 /* PBXContainerItemProxy */;
		};
/* End PBXTargetDependency section */

/* Begin PBXVariantGroup section */
		A748746F2C0D7E0800B830EE /* LaunchScreen.storyboard */ = {
			isa = PBXVariantGroup;
			children = (
				A74874702C0D7E0800B830EE /* Base */,
			);
			name = LaunchScreen.storyboard;
			sourceTree = "<group>";
		};
/* End PBXVariantGroup section */

/* Begin XCBuildConfiguration section */
		85A821DA2C10B24500494313 /* Debug */ = {
			isa = XCBuildConfiguration;
			buildSettings = {
				ASSETCATALOG_COMPILER_GLOBAL_ACCENT_COLOR_NAME = AccentColor;
				ASSETCATALOG_COMPILER_WIDGET_BACKGROUND_COLOR_NAME = WidgetBackground;
				CODE_SIGN_STYLE = Automatic;
				CURRENT_PROJECT_VERSION = 1;
				GENERATE_INFOPLIST_FILE = YES;
				INFOPLIST_FILE = DokgiWidget/Info.plist;
				INFOPLIST_KEY_CFBundleDisplayName = DokgiWidget;
				INFOPLIST_KEY_NSHumanReadableCopyright = "";
				IPHONEOS_DEPLOYMENT_TARGET = 17.4;
				LD_RUNPATH_SEARCH_PATHS = (
					"$(inherited)",
					"@executable_path/Frameworks",
					"@executable_path/../../Frameworks",
				);
				MARKETING_VERSION = 1.0;
				PRODUCT_BUNDLE_IDENTIFIER = com.dogaegirl6mo.Dokgi.DokgiWidget;
				PRODUCT_NAME = "$(TARGET_NAME)";
				SKIP_INSTALL = YES;
				SWIFT_EMIT_LOC_STRINGS = YES;
				SWIFT_VERSION = 5.0;
				TARGETED_DEVICE_FAMILY = "1,2";
			};
			name = Debug;
		};
		85A821DB2C10B24500494313 /* Release */ = {
			isa = XCBuildConfiguration;
			buildSettings = {
				ASSETCATALOG_COMPILER_GLOBAL_ACCENT_COLOR_NAME = AccentColor;
				ASSETCATALOG_COMPILER_WIDGET_BACKGROUND_COLOR_NAME = WidgetBackground;
				CODE_SIGN_STYLE = Automatic;
				CURRENT_PROJECT_VERSION = 1;
				GENERATE_INFOPLIST_FILE = YES;
				INFOPLIST_FILE = DokgiWidget/Info.plist;
				INFOPLIST_KEY_CFBundleDisplayName = DokgiWidget;
				INFOPLIST_KEY_NSHumanReadableCopyright = "";
				IPHONEOS_DEPLOYMENT_TARGET = 17.4;
				LD_RUNPATH_SEARCH_PATHS = (
					"$(inherited)",
					"@executable_path/Frameworks",
					"@executable_path/../../Frameworks",
				);
				MARKETING_VERSION = 1.0;
				PRODUCT_BUNDLE_IDENTIFIER = com.dogaegirl6mo.Dokgi.DokgiWidget;
				PRODUCT_NAME = "$(TARGET_NAME)";
				SKIP_INSTALL = YES;
				SWIFT_EMIT_LOC_STRINGS = YES;
				SWIFT_VERSION = 5.0;
				TARGETED_DEVICE_FAMILY = "1,2";
			};
			name = Release;
		};
		A74874732C0D7E0800B830EE /* Debug */ = {
			isa = XCBuildConfiguration;
			buildSettings = {
				ALWAYS_SEARCH_USER_PATHS = NO;
				ASSETCATALOG_COMPILER_GENERATE_SWIFT_ASSET_SYMBOL_EXTENSIONS = YES;
				CLANG_ANALYZER_NONNULL = YES;
				CLANG_ANALYZER_NUMBER_OBJECT_CONVERSION = YES_AGGRESSIVE;
				CLANG_CXX_LANGUAGE_STANDARD = "gnu++20";
				CLANG_ENABLE_MODULES = YES;
				CLANG_ENABLE_OBJC_ARC = YES;
				CLANG_ENABLE_OBJC_WEAK = YES;
				CLANG_WARN_BLOCK_CAPTURE_AUTORELEASING = YES;
				CLANG_WARN_BOOL_CONVERSION = YES;
				CLANG_WARN_COMMA = YES;
				CLANG_WARN_CONSTANT_CONVERSION = YES;
				CLANG_WARN_DEPRECATED_OBJC_IMPLEMENTATIONS = YES;
				CLANG_WARN_DIRECT_OBJC_ISA_USAGE = YES_ERROR;
				CLANG_WARN_DOCUMENTATION_COMMENTS = YES;
				CLANG_WARN_EMPTY_BODY = YES;
				CLANG_WARN_ENUM_CONVERSION = YES;
				CLANG_WARN_INFINITE_RECURSION = YES;
				CLANG_WARN_INT_CONVERSION = YES;
				CLANG_WARN_NON_LITERAL_NULL_CONVERSION = YES;
				CLANG_WARN_OBJC_IMPLICIT_RETAIN_SELF = YES;
				CLANG_WARN_OBJC_LITERAL_CONVERSION = YES;
				CLANG_WARN_OBJC_ROOT_CLASS = YES_ERROR;
				CLANG_WARN_QUOTED_INCLUDE_IN_FRAMEWORK_HEADER = YES;
				CLANG_WARN_RANGE_LOOP_ANALYSIS = YES;
				CLANG_WARN_STRICT_PROTOTYPES = YES;
				CLANG_WARN_SUSPICIOUS_MOVE = YES;
				CLANG_WARN_UNGUARDED_AVAILABILITY = YES_AGGRESSIVE;
				CLANG_WARN_UNREACHABLE_CODE = YES;
				CLANG_WARN__DUPLICATE_METHOD_MATCH = YES;
				COPY_PHASE_STRIP = NO;
				DEBUG_INFORMATION_FORMAT = dwarf;
				ENABLE_STRICT_OBJC_MSGSEND = YES;
				ENABLE_TESTABILITY = YES;
				ENABLE_USER_SCRIPT_SANDBOXING = YES;
				GCC_C_LANGUAGE_STANDARD = gnu17;
				GCC_DYNAMIC_NO_PIC = NO;
				GCC_NO_COMMON_BLOCKS = YES;
				GCC_OPTIMIZATION_LEVEL = 0;
				GCC_PREPROCESSOR_DEFINITIONS = (
					"DEBUG=1",
					"$(inherited)",
				);
				GCC_WARN_64_TO_32_BIT_CONVERSION = YES;
				GCC_WARN_ABOUT_RETURN_TYPE = YES_ERROR;
				GCC_WARN_UNDECLARED_SELECTOR = YES;
				GCC_WARN_UNINITIALIZED_AUTOS = YES_AGGRESSIVE;
				GCC_WARN_UNUSED_FUNCTION = YES;
				GCC_WARN_UNUSED_VARIABLE = YES;
				IPHONEOS_DEPLOYMENT_TARGET = 17.0;
				LOCALIZATION_PREFERS_STRING_CATALOGS = YES;
				MTL_ENABLE_DEBUG_INFO = INCLUDE_SOURCE;
				MTL_FAST_MATH = YES;
				ONLY_ACTIVE_ARCH = YES;
				SDKROOT = iphoneos;
				SWIFT_ACTIVE_COMPILATION_CONDITIONS = "DEBUG $(inherited)";
				SWIFT_OPTIMIZATION_LEVEL = "-Onone";
			};
			name = Debug;
		};
		A74874742C0D7E0800B830EE /* Release */ = {
			isa = XCBuildConfiguration;
			buildSettings = {
				ALWAYS_SEARCH_USER_PATHS = NO;
				ASSETCATALOG_COMPILER_GENERATE_SWIFT_ASSET_SYMBOL_EXTENSIONS = YES;
				CLANG_ANALYZER_NONNULL = YES;
				CLANG_ANALYZER_NUMBER_OBJECT_CONVERSION = YES_AGGRESSIVE;
				CLANG_CXX_LANGUAGE_STANDARD = "gnu++20";
				CLANG_ENABLE_MODULES = YES;
				CLANG_ENABLE_OBJC_ARC = YES;
				CLANG_ENABLE_OBJC_WEAK = YES;
				CLANG_WARN_BLOCK_CAPTURE_AUTORELEASING = YES;
				CLANG_WARN_BOOL_CONVERSION = YES;
				CLANG_WARN_COMMA = YES;
				CLANG_WARN_CONSTANT_CONVERSION = YES;
				CLANG_WARN_DEPRECATED_OBJC_IMPLEMENTATIONS = YES;
				CLANG_WARN_DIRECT_OBJC_ISA_USAGE = YES_ERROR;
				CLANG_WARN_DOCUMENTATION_COMMENTS = YES;
				CLANG_WARN_EMPTY_BODY = YES;
				CLANG_WARN_ENUM_CONVERSION = YES;
				CLANG_WARN_INFINITE_RECURSION = YES;
				CLANG_WARN_INT_CONVERSION = YES;
				CLANG_WARN_NON_LITERAL_NULL_CONVERSION = YES;
				CLANG_WARN_OBJC_IMPLICIT_RETAIN_SELF = YES;
				CLANG_WARN_OBJC_LITERAL_CONVERSION = YES;
				CLANG_WARN_OBJC_ROOT_CLASS = YES_ERROR;
				CLANG_WARN_QUOTED_INCLUDE_IN_FRAMEWORK_HEADER = YES;
				CLANG_WARN_RANGE_LOOP_ANALYSIS = YES;
				CLANG_WARN_STRICT_PROTOTYPES = YES;
				CLANG_WARN_SUSPICIOUS_MOVE = YES;
				CLANG_WARN_UNGUARDED_AVAILABILITY = YES_AGGRESSIVE;
				CLANG_WARN_UNREACHABLE_CODE = YES;
				CLANG_WARN__DUPLICATE_METHOD_MATCH = YES;
				COPY_PHASE_STRIP = NO;
				DEBUG_INFORMATION_FORMAT = "dwarf-with-dsym";
				ENABLE_NS_ASSERTIONS = NO;
				ENABLE_STRICT_OBJC_MSGSEND = YES;
				ENABLE_USER_SCRIPT_SANDBOXING = YES;
				GCC_C_LANGUAGE_STANDARD = gnu17;
				GCC_NO_COMMON_BLOCKS = YES;
				GCC_WARN_64_TO_32_BIT_CONVERSION = YES;
				GCC_WARN_ABOUT_RETURN_TYPE = YES_ERROR;
				GCC_WARN_UNDECLARED_SELECTOR = YES;
				GCC_WARN_UNINITIALIZED_AUTOS = YES_AGGRESSIVE;
				GCC_WARN_UNUSED_FUNCTION = YES;
				GCC_WARN_UNUSED_VARIABLE = YES;
				IPHONEOS_DEPLOYMENT_TARGET = 17.0;
				LOCALIZATION_PREFERS_STRING_CATALOGS = YES;
				MTL_ENABLE_DEBUG_INFO = NO;
				MTL_FAST_MATH = YES;
				SDKROOT = iphoneos;
				SWIFT_COMPILATION_MODE = wholemodule;
				VALIDATE_PRODUCT = YES;
			};
			name = Release;
		};
		A74874762C0D7E0800B830EE /* Debug */ = {
			isa = XCBuildConfiguration;
			baseConfigurationReference = A75908B52C0EF44D00415D6D /* Config.xcconfig */;
			buildSettings = {
				ALWAYS_EMBED_SWIFT_STANDARD_LIBRARIES = YES;
				ASSETCATALOG_COMPILER_APPICON_NAME = AppIcon;
				ASSETCATALOG_COMPILER_GLOBAL_ACCENT_COLOR_NAME = AccentColor;
				CODE_SIGN_STYLE = Automatic;
				CURRENT_PROJECT_VERSION = 1;
				DEVELOPMENT_TEAM = "";
				GENERATE_INFOPLIST_FILE = YES;
				INFOPLIST_FILE = Dokgi/Info.plist;
				INFOPLIST_KEY_UIApplicationSupportsIndirectInputEvents = YES;
				INFOPLIST_KEY_UILaunchStoryboardName = LaunchScreen;
				INFOPLIST_KEY_UIMainStoryboardFile = "";
				INFOPLIST_KEY_UISupportedInterfaceOrientations_iPad = "UIInterfaceOrientationPortrait UIInterfaceOrientationPortraitUpsideDown UIInterfaceOrientationLandscapeLeft UIInterfaceOrientationLandscapeRight";
				INFOPLIST_KEY_UISupportedInterfaceOrientations_iPhone = "UIInterfaceOrientationPortrait UIInterfaceOrientationLandscapeLeft UIInterfaceOrientationLandscapeRight";
				LD_RUNPATH_SEARCH_PATHS = (
					"$(inherited)",
					"@executable_path/Frameworks",
				);
				MARKETING_VERSION = 1.0;
				PRODUCT_BUNDLE_IDENTIFIER = com.dogaegirl6mo.Dokgi;
				PRODUCT_NAME = "$(TARGET_NAME)";
				SUPPORTED_PLATFORMS = "iphoneos iphonesimulator";
				SUPPORTS_MACCATALYST = NO;
				SUPPORTS_MAC_DESIGNED_FOR_IPHONE_IPAD = NO;
				SUPPORTS_XR_DESIGNED_FOR_IPHONE_IPAD = NO;
				SWIFT_EMIT_LOC_STRINGS = YES;
				SWIFT_VERSION = 5.0;
				TARGETED_DEVICE_FAMILY = 1;
			};
			name = Debug;
		};
		A74874772C0D7E0800B830EE /* Release */ = {
			isa = XCBuildConfiguration;
			baseConfigurationReference = A75908B52C0EF44D00415D6D /* Config.xcconfig */;
			buildSettings = {
				ALWAYS_EMBED_SWIFT_STANDARD_LIBRARIES = YES;
				ASSETCATALOG_COMPILER_APPICON_NAME = AppIcon;
				ASSETCATALOG_COMPILER_GLOBAL_ACCENT_COLOR_NAME = AccentColor;
				CODE_SIGN_STYLE = Automatic;
				CURRENT_PROJECT_VERSION = 1;
				DEVELOPMENT_TEAM = "";
				GENERATE_INFOPLIST_FILE = YES;
				INFOPLIST_FILE = Dokgi/Info.plist;
				INFOPLIST_KEY_UIApplicationSupportsIndirectInputEvents = YES;
				INFOPLIST_KEY_UILaunchStoryboardName = LaunchScreen;
				INFOPLIST_KEY_UIMainStoryboardFile = "";
				INFOPLIST_KEY_UISupportedInterfaceOrientations_iPad = "UIInterfaceOrientationPortrait UIInterfaceOrientationPortraitUpsideDown UIInterfaceOrientationLandscapeLeft UIInterfaceOrientationLandscapeRight";
				INFOPLIST_KEY_UISupportedInterfaceOrientations_iPhone = "UIInterfaceOrientationPortrait UIInterfaceOrientationLandscapeLeft UIInterfaceOrientationLandscapeRight";
				LD_RUNPATH_SEARCH_PATHS = (
					"$(inherited)",
					"@executable_path/Frameworks",
				);
				MARKETING_VERSION = 1.0;
				PRODUCT_BUNDLE_IDENTIFIER = com.dogaegirl6mo.Dokgi;
				PRODUCT_NAME = "$(TARGET_NAME)";
				SUPPORTED_PLATFORMS = "iphoneos iphonesimulator";
				SUPPORTS_MACCATALYST = NO;
				SUPPORTS_MAC_DESIGNED_FOR_IPHONE_IPAD = NO;
				SUPPORTS_XR_DESIGNED_FOR_IPHONE_IPAD = NO;
				SWIFT_EMIT_LOC_STRINGS = YES;
				SWIFT_VERSION = 5.0;
				TARGETED_DEVICE_FAMILY = 1;
			};
			name = Release;
		};
/* End XCBuildConfiguration section */

/* Begin XCConfigurationList section */
		85A821DC2C10B24500494313 /* Build configuration list for PBXNativeTarget "DokgiWidgetExtension" */ = {
			isa = XCConfigurationList;
			buildConfigurations = (
				85A821DA2C10B24500494313 /* Debug */,
				85A821DB2C10B24500494313 /* Release */,
			);
			defaultConfigurationIsVisible = 0;
			defaultConfigurationName = Release;
		};
		A74874592C0D7E0600B830EE /* Build configuration list for PBXProject "Dokgi" */ = {
			isa = XCConfigurationList;
			buildConfigurations = (
				A74874732C0D7E0800B830EE /* Debug */,
				A74874742C0D7E0800B830EE /* Release */,
			);
			defaultConfigurationIsVisible = 0;
			defaultConfigurationName = Release;
		};
		A74874752C0D7E0800B830EE /* Build configuration list for PBXNativeTarget "Dokgi" */ = {
			isa = XCConfigurationList;
			buildConfigurations = (
				A74874762C0D7E0800B830EE /* Debug */,
				A74874772C0D7E0800B830EE /* Release */,
			);
			defaultConfigurationIsVisible = 0;
			defaultConfigurationName = Release;
		};
/* End XCConfigurationList section */

/* Begin XCRemoteSwiftPackageReference section */
		A74874852C0D7F1700B830EE /* XCRemoteSwiftPackageReference "SnapKit" */ = {
			isa = XCRemoteSwiftPackageReference;
			repositoryURL = "https://github.com/SnapKit/SnapKit";
			requirement = {
				kind = upToNextMajorVersion;
				minimumVersion = 5.7.1;
			};
		};
		A748748A2C0D7F2100B830EE /* XCRemoteSwiftPackageReference "Then" */ = {
			isa = XCRemoteSwiftPackageReference;
			repositoryURL = "https://github.com/devxoul/Then";
			requirement = {
				kind = upToNextMajorVersion;
				minimumVersion = 3.0.0;
			};
		};
		A748748D2C0D7F3400B830EE /* XCRemoteSwiftPackageReference "RxSwift" */ = {
			isa = XCRemoteSwiftPackageReference;
			repositoryURL = "https://github.com/ReactiveX/RxSwift";
			requirement = {
				kind = upToNextMajorVersion;
				minimumVersion = 6.7.1;
			};
		};
		AB355D562C180D8F00B3DE16 /* XCRemoteSwiftPackageReference "Kingfisher" */ = {
			isa = XCRemoteSwiftPackageReference;
			repositoryURL = "https://github.com/onevcat/Kingfisher.git";
			requirement = {
				kind = upToNextMajorVersion;
				minimumVersion = 7.12.0;
			};
		};
/* End XCRemoteSwiftPackageReference section */

/* Begin XCSwiftPackageProductDependency section */
		A74874862C0D7F1700B830EE /* SnapKit */ = {
			isa = XCSwiftPackageProductDependency;
			package = A74874852C0D7F1700B830EE /* XCRemoteSwiftPackageReference "SnapKit" */;
			productName = SnapKit;
		};
		A748748B2C0D7F2100B830EE /* Then */ = {
			isa = XCSwiftPackageProductDependency;
			package = A748748A2C0D7F2100B830EE /* XCRemoteSwiftPackageReference "Then" */;
			productName = Then;
		};
		A748748E2C0D7F3400B830EE /* RxCocoa */ = {
			isa = XCSwiftPackageProductDependency;
			package = A748748D2C0D7F3400B830EE /* XCRemoteSwiftPackageReference "RxSwift" */;
			productName = RxCocoa;
		};
		A74874902C0D7F3400B830EE /* RxRelay */ = {
			isa = XCSwiftPackageProductDependency;
			package = A748748D2C0D7F3400B830EE /* XCRemoteSwiftPackageReference "RxSwift" */;
			productName = RxRelay;
		};
		A74874922C0D7F3400B830EE /* RxSwift */ = {
			isa = XCSwiftPackageProductDependency;
			package = A748748D2C0D7F3400B830EE /* XCRemoteSwiftPackageReference "RxSwift" */;
			productName = RxSwift;
		};
		AB355D572C180D8F00B3DE16 /* Kingfisher */ = {
			isa = XCSwiftPackageProductDependency;
			package = AB355D562C180D8F00B3DE16 /* XCRemoteSwiftPackageReference "Kingfisher" */;
			productName = Kingfisher;
		};
/* End XCSwiftPackageProductDependency section */

/* Begin XCVersionGroup section */
		A748746A2C0D7E0700B830EE /* Dokgi.xcdatamodeld */ = {
			isa = XCVersionGroup;
			children = (
				A748746B2C0D7E0700B830EE /* Dokgi.xcdatamodel */,
			);
			currentVersion = A748746B2C0D7E0700B830EE /* Dokgi.xcdatamodel */;
			path = Dokgi.xcdatamodeld;
			sourceTree = "<group>";
			versionGroupType = wrapper.xcdatamodel;
		};
/* End XCVersionGroup section */
	};
	rootObject = A74874562C0D7E0600B830EE /* Project object */;
}
